
Microsoft Visual Studio Solution File, Format Version 12.00
# Visual Studio Version 17
VisualStudioVersion = 17.10.35027.167
MinimumVisualStudioVersion = 10.0.40219.1
Project("{FAE04EC0-301F-11D3-BF4B-00C04F79EFBC}") = "combo_box - PrincipaisPropriedades", "combo_box - PrincipaisPropriedades.csproj", "{100BD22B-89AE-4D0D-A432-CC800AA3D8C4}"
EndProject
Global
	GlobalSection(SolutionConfigurationPlatforms) = preSolution
		Debug|Any CPU = Debug|Any CPU
		Release|Any CPU = Release|Any CPU
	EndGlobalSection
	GlobalSection(ProjectConfigurationPlatforms) = postSolution
		{100BD22B-89AE-4D0D-A432-CC800AA3D8C4}.Debug|Any CPU.ActiveCfg = Debug|Any CPU
		{100BD22B-89AE-4D0D-A432-CC800AA3D8C4}.Debug|Any CPU.Build.0 = Debug|Any CPU
		{100BD22B-89AE-4D0D-A432-CC800AA3D8C4}.Release|Any CPU.ActiveCfg = Release|Any CPU
		{100BD22B-89AE-4D0D-A432-CC800AA3D8C4}.Release|Any CPU.Build.0 = Release|Any CPU
	EndGlobalSection
	GlobalSection(SolutionProperties) = preSolution
		HideSolutionNode = FALSE
	EndGlobalSection
	GlobalSection(ExtensibilityGlobals) = postSolution
		SolutionGuid = {433733A4-9EB9-485D-B8F4-63B958C43E4B}
	EndGlobalSection
EndGlobal
